// !$*UTF8*$!
{
	archiveVersion = 1;
	classes = {
	};
	objectVersion = 50;
	objects = {

/* Begin PBXBuildFile section */
		056A0C5667A236BED0E4F546 /* Pods_InspirationTests.framework in Frameworks */ = {isa = PBXBuildFile; fileRef = A957013677700940C301EDA7 /* Pods_InspirationTests.framework */; };
		57C4CEC4EA3956A759C806A4 /* Pods_Inspiration.framework in Frameworks */ = {isa = PBXBuildFile; fileRef = 479C3DADA54A6E3F0D2AC10D /* Pods_Inspiration.framework */; };
		5805AEAF6795D4A710CCA2E2 /* Pods_Inspiration_InspirationUITests.framework in Frameworks */ = {isa = PBXBuildFile; fileRef = E10B33D8554F6357BD2E3C29 /* Pods_Inspiration_InspirationUITests.framework */; };
		B32AA008249E62C90021000F /* Detected.swift in Sources */ = {isa = PBXBuildFile; fileRef = B32AA007249E62C90021000F /* Detected.swift */; };
		B32AA00B249E64810021000F /* Bodoni.ttf in Resources */ = {isa = PBXBuildFile; fileRef = B32AA00A249E64810021000F /* Bodoni.ttf */; };
		B32AA00D249E65520021000F /* AvenirNext-Regular.ttf in Resources */ = {isa = PBXBuildFile; fileRef = B32AA00C249E65520021000F /* AvenirNext-Regular.ttf */; };
		B32AA00F249E671F0021000F /* Female.swift in Sources */ = {isa = PBXBuildFile; fileRef = B32AA00E249E671F0021000F /* Female.swift */; };
		B32AA011249E78D60021000F /* SavedProfile.swift in Sources */ = {isa = PBXBuildFile; fileRef = B32AA010249E78D60021000F /* SavedProfile.swift */; };
		B32AA013249E7B580021000F /* Bodoni Bold.otf in Resources */ = {isa = PBXBuildFile; fileRef = B32AA012249E7B580021000F /* Bodoni Bold.otf */; };
		B32AA015249E7E240021000F /* ViewRouter.swift in Sources */ = {isa = PBXBuildFile; fileRef = B32AA014249E7E240021000F /* ViewRouter.swift */; };
		B32AA017249E7E490021000F /* SessionStore.swift in Sources */ = {isa = PBXBuildFile; fileRef = B32AA016249E7E490021000F /* SessionStore.swift */; };
		B32AA019249E7EDD0021000F /* GoogleService-Info.plist in Resources */ = {isa = PBXBuildFile; fileRef = B32AA018249E7EDD0021000F /* GoogleService-Info.plist */; };
		B3464FA2249DC6C2006B5CDD /* AppDelegate.swift in Sources */ = {isa = PBXBuildFile; fileRef = B3464FA1249DC6C2006B5CDD /* AppDelegate.swift */; };
		B3464FA4249DC6C2006B5CDD /* SceneDelegate.swift in Sources */ = {isa = PBXBuildFile; fileRef = B3464FA3249DC6C2006B5CDD /* SceneDelegate.swift */; };
		B3464FA6249DC6C2006B5CDD /* ContentView.swift in Sources */ = {isa = PBXBuildFile; fileRef = B3464FA5249DC6C2006B5CDD /* ContentView.swift */; };
		B3464FA8249DC6C8006B5CDD /* Assets.xcassets in Resources */ = {isa = PBXBuildFile; fileRef = B3464FA7249DC6C8006B5CDD /* Assets.xcassets */; };
		B3464FAB249DC6C8006B5CDD /* Preview Assets.xcassets in Resources */ = {isa = PBXBuildFile; fileRef = B3464FAA249DC6C8006B5CDD /* Preview Assets.xcassets */; };
		B3464FAE249DC6C8006B5CDD /* LaunchScreen.storyboard in Resources */ = {isa = PBXBuildFile; fileRef = B3464FAC249DC6C8006B5CDD /* LaunchScreen.storyboard */; };
		B3464FB9249DC6C8006B5CDD /* InspirationTests.swift in Sources */ = {isa = PBXBuildFile; fileRef = B3464FB8249DC6C8006B5CDD /* InspirationTests.swift */; };
		B3464FC4249DC6C8006B5CDD /* InspirationUITests.swift in Sources */ = {isa = PBXBuildFile; fileRef = B3464FC3249DC6C8006B5CDD /* InspirationUITests.swift */; };
		B3464FD3249DCE9B006B5CDD /* Splash.swift in Sources */ = {isa = PBXBuildFile; fileRef = B3464FD2249DCE9B006B5CDD /* Splash.swift */; };
		B3464FD5249DCEE9006B5CDD /* Register.swift in Sources */ = {isa = PBXBuildFile; fileRef = B3464FD4249DCEE9006B5CDD /* Register.swift */; };
		B3464FD9249DDD9A006B5CDD /* Home.swift in Sources */ = {isa = PBXBuildFile; fileRef = B3464FD8249DDD9A006B5CDD /* Home.swift */; };
/* End PBXBuildFile section */

/* Begin PBXContainerItemProxy section */
		B3464FB5249DC6C8006B5CDD /* PBXContainerItemProxy */ = {
			isa = PBXContainerItemProxy;
			containerPortal = B3464F96249DC6C1006B5CDD /* Project object */;
			proxyType = 1;
			remoteGlobalIDString = B3464F9D249DC6C1006B5CDD;
			remoteInfo = Inspiration;
		};
		B3464FC0249DC6C8006B5CDD /* PBXContainerItemProxy */ = {
			isa = PBXContainerItemProxy;
			containerPortal = B3464F96249DC6C1006B5CDD /* Project object */;
			proxyType = 1;
			remoteGlobalIDString = B3464F9D249DC6C1006B5CDD;
			remoteInfo = Inspiration;
		};
/* End PBXContainerItemProxy section */

/* Begin PBXFileReference section */
		18DCD2D93B1897E00B5C21F0 /* Pods-Inspiration.debug.xcconfig */ = {isa = PBXFileReference; includeInIndex = 1; lastKnownFileType = text.xcconfig; name = "Pods-Inspiration.debug.xcconfig"; path = "Target Support Files/Pods-Inspiration/Pods-Inspiration.debug.xcconfig"; sourceTree = "<group>"; };
		27A9A13B84E7241FDF6C006D /* Pods-InspirationTests.debug.xcconfig */ = {isa = PBXFileReference; includeInIndex = 1; lastKnownFileType = text.xcconfig; name = "Pods-InspirationTests.debug.xcconfig"; path = "Target Support Files/Pods-InspirationTests/Pods-InspirationTests.debug.xcconfig"; sourceTree = "<group>"; };
		479C3DADA54A6E3F0D2AC10D /* Pods_Inspiration.framework */ = {isa = PBXFileReference; explicitFileType = wrapper.framework; includeInIndex = 0; path = Pods_Inspiration.framework; sourceTree = BUILT_PRODUCTS_DIR; };
		59ED92A3D48C527198AE02D0 /* Pods-Inspiration-InspirationUITests.debug.xcconfig */ = {isa = PBXFileReference; includeInIndex = 1; lastKnownFileType = text.xcconfig; name = "Pods-Inspiration-InspirationUITests.debug.xcconfig"; path = "Target Support Files/Pods-Inspiration-InspirationUITests/Pods-Inspiration-InspirationUITests.debug.xcconfig"; sourceTree = "<group>"; };
		9A80A55889CB841AAA499E79 /* Pods-InspirationTests.release.xcconfig */ = {isa = PBXFileReference; includeInIndex = 1; lastKnownFileType = text.xcconfig; name = "Pods-InspirationTests.release.xcconfig"; path = "Target Support Files/Pods-InspirationTests/Pods-InspirationTests.release.xcconfig"; sourceTree = "<group>"; };
		A957013677700940C301EDA7 /* Pods_InspirationTests.framework */ = {isa = PBXFileReference; explicitFileType = wrapper.framework; includeInIndex = 0; path = Pods_InspirationTests.framework; sourceTree = BUILT_PRODUCTS_DIR; };
		B32AA007249E62C90021000F /* Detected.swift */ = {isa = PBXFileReference; lastKnownFileType = sourcecode.swift; path = Detected.swift; sourceTree = "<group>"; };
		B32AA00A249E64810021000F /* Bodoni.ttf */ = {isa = PBXFileReference; lastKnownFileType = file; name = Bodoni.ttf; path = ../../../../../Downloads/OnlineWebFonts_COM_ca8604989ce89d9d77599a399ae040bc/Bodoni/Bodoni.ttf; sourceTree = "<group>"; };
		B32AA00C249E65520021000F /* AvenirNext-Regular.ttf */ = {isa = PBXFileReference; lastKnownFileType = file; name = "AvenirNext-Regular.ttf"; path = "../../../../../Downloads/AvenirNext-Regular.ttf"; sourceTree = "<group>"; };
		B32AA00E249E671F0021000F /* Female.swift */ = {isa = PBXFileReference; lastKnownFileType = sourcecode.swift; path = Female.swift; sourceTree = "<group>"; };
		B32AA010249E78D60021000F /* SavedProfile.swift */ = {isa = PBXFileReference; lastKnownFileType = sourcecode.swift; path = SavedProfile.swift; sourceTree = "<group>"; };
		B32AA012249E7B580021000F /* Bodoni Bold.otf */ = {isa = PBXFileReference; lastKnownFileType = file; name = "Bodoni Bold.otf"; path = "../../../../../Downloads/Bodoni Bold/Bodoni Bold.otf"; sourceTree = "<group>"; };
		B32AA014249E7E240021000F /* ViewRouter.swift */ = {isa = PBXFileReference; lastKnownFileType = sourcecode.swift; path = ViewRouter.swift; sourceTree = "<group>"; };
		B32AA016249E7E490021000F /* SessionStore.swift */ = {isa = PBXFileReference; lastKnownFileType = sourcecode.swift; path = SessionStore.swift; sourceTree = "<group>"; };
		B32AA018249E7EDD0021000F /* GoogleService-Info.plist */ = {isa = PBXFileReference; fileEncoding = 4; lastKnownFileType = text.plist.xml; name = "GoogleService-Info.plist"; path = "../../../../Downloads/GoogleService-Info.plist"; sourceTree = "<group>"; };
		B3464F9E249DC6C2006B5CDD /* Inspiration.app */ = {isa = PBXFileReference; explicitFileType = wrapper.application; includeInIndex = 0; path = Inspiration.app; sourceTree = BUILT_PRODUCTS_DIR; };
		B3464FA1249DC6C2006B5CDD /* AppDelegate.swift */ = {isa = PBXFileReference; lastKnownFileType = sourcecode.swift; path = AppDelegate.swift; sourceTree = "<group>"; };
		B3464FA3249DC6C2006B5CDD /* SceneDelegate.swift */ = {isa = PBXFileReference; lastKnownFileType = sourcecode.swift; path = SceneDelegate.swift; sourceTree = "<group>"; };
		B3464FA5249DC6C2006B5CDD /* ContentView.swift */ = {isa = PBXFileReference; lastKnownFileType = sourcecode.swift; path = ContentView.swift; sourceTree = "<group>"; };
		B3464FA7249DC6C8006B5CDD /* Assets.xcassets */ = {isa = PBXFileReference; lastKnownFileType = folder.assetcatalog; path = Assets.xcassets; sourceTree = "<group>"; };
		B3464FAA249DC6C8006B5CDD /* Preview Assets.xcassets */ = {isa = PBXFileReference; lastKnownFileType = folder.assetcatalog; path = "Preview Assets.xcassets"; sourceTree = "<group>"; };
		B3464FAD249DC6C8006B5CDD /* Base */ = {isa = PBXFileReference; lastKnownFileType = file.storyboard; name = Base; path = Base.lproj/LaunchScreen.storyboard; sourceTree = "<group>"; };
		B3464FAF249DC6C8006B5CDD /* Info.plist */ = {isa = PBXFileReference; lastKnownFileType = text.plist.xml; path = Info.plist; sourceTree = "<group>"; };
		B3464FB4249DC6C8006B5CDD /* InspirationTests.xctest */ = {isa = PBXFileReference; explicitFileType = wrapper.cfbundle; includeInIndex = 0; path = InspirationTests.xctest; sourceTree = BUILT_PRODUCTS_DIR; };
		B3464FB8249DC6C8006B5CDD /* InspirationTests.swift */ = {isa = PBXFileReference; lastKnownFileType = sourcecode.swift; path = InspirationTests.swift; sourceTree = "<group>"; };
		B3464FBA249DC6C8006B5CDD /* Info.plist */ = {isa = PBXFileReference; lastKnownFileType = text.plist.xml; path = Info.plist; sourceTree = "<group>"; };
		B3464FBF249DC6C8006B5CDD /* InspirationUITests.xctest */ = {isa = PBXFileReference; explicitFileType = wrapper.cfbundle; includeInIndex = 0; path = InspirationUITests.xctest; sourceTree = BUILT_PRODUCTS_DIR; };
		B3464FC3249DC6C8006B5CDD /* InspirationUITests.swift */ = {isa = PBXFileReference; lastKnownFileType = sourcecode.swift; path = InspirationUITests.swift; sourceTree = "<group>"; };
		B3464FC5249DC6C8006B5CDD /* Info.plist */ = {isa = PBXFileReference; lastKnownFileType = text.plist.xml; path = Info.plist; sourceTree = "<group>"; };
		B3464FD2249DCE9B006B5CDD /* Splash.swift */ = {isa = PBXFileReference; lastKnownFileType = sourcecode.swift; path = Splash.swift; sourceTree = "<group>"; };
		B3464FD4249DCEE9006B5CDD /* Register.swift */ = {isa = PBXFileReference; lastKnownFileType = sourcecode.swift; path = Register.swift; sourceTree = "<group>"; };
		B3464FD8249DDD9A006B5CDD /* Home.swift */ = {isa = PBXFileReference; lastKnownFileType = sourcecode.swift; path = Home.swift; sourceTree = "<group>"; };
		E10B33D8554F6357BD2E3C29 /* Pods_Inspiration_InspirationUITests.framework */ = {isa = PBXFileReference; explicitFileType = wrapper.framework; includeInIndex = 0; path = Pods_Inspiration_InspirationUITests.framework; sourceTree = BUILT_PRODUCTS_DIR; };
		E87E81DB1942976F444ACA83 /* Pods-Inspiration-InspirationUITests.release.xcconfig */ = {isa = PBXFileReference; includeInIndex = 1; lastKnownFileType = text.xcconfig; name = "Pods-Inspiration-InspirationUITests.release.xcconfig"; path = "Target Support Files/Pods-Inspiration-InspirationUITests/Pods-Inspiration-InspirationUITests.release.xcconfig"; sourceTree = "<group>"; };
		FB40F0F252BDD5A3D018BD12 /* Pods-Inspiration.release.xcconfig */ = {isa = PBXFileReference; includeInIndex = 1; lastKnownFileType = text.xcconfig; name = "Pods-Inspiration.release.xcconfig"; path = "Target Support Files/Pods-Inspiration/Pods-Inspiration.release.xcconfig"; sourceTree = "<group>"; };
/* End PBXFileReference section */

/* Begin PBXFrameworksBuildPhase section */
		B3464F9B249DC6C1006B5CDD /* Frameworks */ = {
			isa = PBXFrameworksBuildPhase;
			buildActionMask = 2147483647;
			files = (
				57C4CEC4EA3956A759C806A4 /* Pods_Inspiration.framework in Frameworks */,
			);
			runOnlyForDeploymentPostprocessing = 0;
		};
		B3464FB1249DC6C8006B5CDD /* Frameworks */ = {
			isa = PBXFrameworksBuildPhase;
			buildActionMask = 2147483647;
			files = (
				056A0C5667A236BED0E4F546 /* Pods_InspirationTests.framework in Frameworks */,
			);
			runOnlyForDeploymentPostprocessing = 0;
		};
		B3464FBC249DC6C8006B5CDD /* Frameworks */ = {
			isa = PBXFrameworksBuildPhase;
			buildActionMask = 2147483647;
			files = (
				5805AEAF6795D4A710CCA2E2 /* Pods_Inspiration_InspirationUITests.framework in Frameworks */,
			);
			runOnlyForDeploymentPostprocessing = 0;
		};
/* End PBXFrameworksBuildPhase section */

/* Begin PBXGroup section */
		5627A1AA97F3A4F20C4D4F2C /* Frameworks */ = {
			isa = PBXGroup;
			children = (
				479C3DADA54A6E3F0D2AC10D /* Pods_Inspiration.framework */,
				E10B33D8554F6357BD2E3C29 /* Pods_Inspiration_InspirationUITests.framework */,
				A957013677700940C301EDA7 /* Pods_InspirationTests.framework */,
			);
			name = Frameworks;
			sourceTree = "<group>";
		};
		8DF22F1C8AF1298E518F697A /* Pods */ = {
			isa = PBXGroup;
			children = (
				18DCD2D93B1897E00B5C21F0 /* Pods-Inspiration.debug.xcconfig */,
				FB40F0F252BDD5A3D018BD12 /* Pods-Inspiration.release.xcconfig */,
				59ED92A3D48C527198AE02D0 /* Pods-Inspiration-InspirationUITests.debug.xcconfig */,
				E87E81DB1942976F444ACA83 /* Pods-Inspiration-InspirationUITests.release.xcconfig */,
				27A9A13B84E7241FDF6C006D /* Pods-InspirationTests.debug.xcconfig */,
				9A80A55889CB841AAA499E79 /* Pods-InspirationTests.release.xcconfig */,
			);
			name = Pods;
			path = Pods;
			sourceTree = "<group>";
		};
		B32AA009249E646E0021000F /* Fonts */ = {
			isa = PBXGroup;
			children = (
				B32AA00A249E64810021000F /* Bodoni.ttf */,
				B32AA00C249E65520021000F /* AvenirNext-Regular.ttf */,
				B32AA012249E7B580021000F /* Bodoni Bold.otf */,
			);
			path = Fonts;
			sourceTree = "<group>";
		};
		B3464F95249DC6C1006B5CDD = {
			isa = PBXGroup;
			children = (
				B3464FA0249DC6C2006B5CDD /* Inspiration */,
				B3464FB7249DC6C8006B5CDD /* InspirationTests */,
				B3464FC2249DC6C8006B5CDD /* InspirationUITests */,
				B3464F9F249DC6C2006B5CDD /* Products */,
				8DF22F1C8AF1298E518F697A /* Pods */,
				5627A1AA97F3A4F20C4D4F2C /* Frameworks */,
			);
			sourceTree = "<group>";
		};
		B3464F9F249DC6C2006B5CDD /* Products */ = {
			isa = PBXGroup;
			children = (
				B3464F9E249DC6C2006B5CDD /* Inspiration.app */,
				B3464FB4249DC6C8006B5CDD /* InspirationTests.xctest */,
				B3464FBF249DC6C8006B5CDD /* InspirationUITests.xctest */,
			);
			name = Products;
			sourceTree = "<group>";
		};
		B3464FA0249DC6C2006B5CDD /* Inspiration */ = {
			isa = PBXGroup;
			children = (
				B3464FA1249DC6C2006B5CDD /* AppDelegate.swift */,
				B32AA018249E7EDD0021000F /* GoogleService-Info.plist */,
				B32AA009249E646E0021000F /* Fonts */,
				B3464FD1249DCE80006B5CDD /* Views */,
				B3464FA7249DC6C8006B5CDD /* Assets.xcassets */,
				B3464FAC249DC6C8006B5CDD /* LaunchScreen.storyboard */,
				B3464FAF249DC6C8006B5CDD /* Info.plist */,
				B3464FA9249DC6C8006B5CDD /* Preview Content */,
			);
			path = Inspiration;
			sourceTree = "<group>";
		};
		B3464FA9249DC6C8006B5CDD /* Preview Content */ = {
			isa = PBXGroup;
			children = (
				B3464FAA249DC6C8006B5CDD /* Preview Assets.xcassets */,
			);
			path = "Preview Content";
			sourceTree = "<group>";
		};
		B3464FB7249DC6C8006B5CDD /* InspirationTests */ = {
			isa = PBXGroup;
			children = (
				B3464FB8249DC6C8006B5CDD /* InspirationTests.swift */,
				B3464FBA249DC6C8006B5CDD /* Info.plist */,
			);
			path = InspirationTests;
			sourceTree = "<group>";
		};
		B3464FC2249DC6C8006B5CDD /* InspirationUITests */ = {
			isa = PBXGroup;
			children = (
				B3464FC3249DC6C8006B5CDD /* InspirationUITests.swift */,
				B3464FC5249DC6C8006B5CDD /* Info.plist */,
			);
			path = InspirationUITests;
			sourceTree = "<group>";
		};
		B3464FD1249DCE80006B5CDD /* Views */ = {
			isa = PBXGroup;
			children = (
				B3464FA3249DC6C2006B5CDD /* SceneDelegate.swift */,
				B32AA016249E7E490021000F /* SessionStore.swift */,
				B3464FA5249DC6C2006B5CDD /* ContentView.swift */,
				B32AA014249E7E240021000F /* ViewRouter.swift */,
				B3464FD2249DCE9B006B5CDD /* Splash.swift */,
				B3464FD4249DCEE9006B5CDD /* Register.swift */,
				B3464FD8249DDD9A006B5CDD /* Home.swift */,
				B32AA007249E62C90021000F /* Detected.swift */,
				B32AA00E249E671F0021000F /* Female.swift */,
				B32AA010249E78D60021000F /* SavedProfile.swift */,
			);
			path = Views;
			sourceTree = "<group>";
		};
/* End PBXGroup section */

/* Begin PBXNativeTarget section */
		B3464F9D249DC6C1006B5CDD /* Inspiration */ = {
			isa = PBXNativeTarget;
			buildConfigurationList = B3464FC8249DC6C8006B5CDD /* Build configuration list for PBXNativeTarget "Inspiration" */;
			buildPhases = (
				B38F8030E2BB79BDB7DC9C9D /* [CP] Check Pods Manifest.lock */,
				B3464F9A249DC6C1006B5CDD /* Sources */,
				B3464F9B249DC6C1006B5CDD /* Frameworks */,
				B3464F9C249DC6C1006B5CDD /* Resources */,
				5EC00159F96A8CD1D219ED05 /* [CP] Embed Pods Frameworks */,
			);
			buildRules = (
			);
			dependencies = (
			);
			name = Inspiration;
			productName = Inspiration;
			productReference = B3464F9E249DC6C2006B5CDD /* Inspiration.app */;
			productType = "com.apple.product-type.application";
		};
		B3464FB3249DC6C8006B5CDD /* InspirationTests */ = {
			isa = PBXNativeTarget;
			buildConfigurationList = B3464FCB249DC6C8006B5CDD /* Build configuration list for PBXNativeTarget "InspirationTests" */;
			buildPhases = (
				F9A31EEA2CA9F22E015231D6 /* [CP] Check Pods Manifest.lock */,
				B3464FB0249DC6C8006B5CDD /* Sources */,
				B3464FB1249DC6C8006B5CDD /* Frameworks */,
				B3464FB2249DC6C8006B5CDD /* Resources */,
			);
			buildRules = (
			);
			dependencies = (
				B3464FB6249DC6C8006B5CDD /* PBXTargetDependency */,
			);
			name = InspirationTests;
			productName = InspirationTests;
			productReference = B3464FB4249DC6C8006B5CDD /* InspirationTests.xctest */;
			productType = "com.apple.product-type.bundle.unit-test";
		};
		B3464FBE249DC6C8006B5CDD /* InspirationUITests */ = {
			isa = PBXNativeTarget;
			buildConfigurationList = B3464FCE249DC6C8006B5CDD /* Build configuration list for PBXNativeTarget "InspirationUITests" */;
			buildPhases = (
				E39F765818E9B594041D7D34 /* [CP] Check Pods Manifest.lock */,
				B3464FBB249DC6C8006B5CDD /* Sources */,
				B3464FBC249DC6C8006B5CDD /* Frameworks */,
				B3464FBD249DC6C8006B5CDD /* Resources */,
				1E3371CFB6FC706519F93BAE /* [CP] Embed Pods Frameworks */,
			);
			buildRules = (
			);
			dependencies = (
				B3464FC1249DC6C8006B5CDD /* PBXTargetDependency */,
			);
			name = InspirationUITests;
			productName = InspirationUITests;
			productReference = B3464FBF249DC6C8006B5CDD /* InspirationUITests.xctest */;
			productType = "com.apple.product-type.bundle.ui-testing";
		};
/* End PBXNativeTarget section */

/* Begin PBXProject section */
		B3464F96249DC6C1006B5CDD /* Project object */ = {
			isa = PBXProject;
			attributes = {
				LastSwiftUpdateCheck = 1140;
				LastUpgradeCheck = 1140;
				ORGANIZATIONNAME = "Rebecca Zhu";
				TargetAttributes = {
					B3464F9D249DC6C1006B5CDD = {
						CreatedOnToolsVersion = 11.4.1;
					};
					B3464FB3249DC6C8006B5CDD = {
						CreatedOnToolsVersion = 11.4.1;
						TestTargetID = B3464F9D249DC6C1006B5CDD;
					};
					B3464FBE249DC6C8006B5CDD = {
						CreatedOnToolsVersion = 11.4.1;
						TestTargetID = B3464F9D249DC6C1006B5CDD;
					};
				};
			};
			buildConfigurationList = B3464F99249DC6C1006B5CDD /* Build configuration list for PBXProject "Inspiration" */;
			compatibilityVersion = "Xcode 9.3";
			developmentRegion = en;
			hasScannedForEncodings = 0;
			knownRegions = (
				en,
				Base,
			);
			mainGroup = B3464F95249DC6C1006B5CDD;
			productRefGroup = B3464F9F249DC6C2006B5CDD /* Products */;
			projectDirPath = "";
			projectRoot = "";
			targets = (
				B3464F9D249DC6C1006B5CDD /* Inspiration */,
				B3464FB3249DC6C8006B5CDD /* InspirationTests */,
				B3464FBE249DC6C8006B5CDD /* InspirationUITests */,
			);
		};
/* End PBXProject section */

/* Begin PBXResourcesBuildPhase section */
		B3464F9C249DC6C1006B5CDD /* Resources */ = {
			isa = PBXResourcesBuildPhase;
			buildActionMask = 2147483647;
			files = (
				B3464FAE249DC6C8006B5CDD /* LaunchScreen.storyboard in Resources */,
				B32AA00B249E64810021000F /* Bodoni.ttf in Resources */,
				B32AA013249E7B580021000F /* Bodoni Bold.otf in Resources */,
				B3464FAB249DC6C8006B5CDD /* Preview Assets.xcassets in Resources */,
				B32AA00D249E65520021000F /* AvenirNext-Regular.ttf in Resources */,
				B3464FA8249DC6C8006B5CDD /* Assets.xcassets in Resources */,
				B32AA019249E7EDD0021000F /* GoogleService-Info.plist in Resources */,
			);
			runOnlyForDeploymentPostprocessing = 0;
		};
		B3464FB2249DC6C8006B5CDD /* Resources */ = {
			isa = PBXResourcesBuildPhase;
			buildActionMask = 2147483647;
			files = (
			);
			runOnlyForDeploymentPostprocessing = 0;
		};
		B3464FBD249DC6C8006B5CDD /* Resources */ = {
			isa = PBXResourcesBuildPhase;
			buildActionMask = 2147483647;
			files = (
			);
			runOnlyForDeploymentPostprocessing = 0;
		};
/* End PBXResourcesBuildPhase section */

/* Begin PBXShellScriptBuildPhase section */
		1E3371CFB6FC706519F93BAE /* [CP] Embed Pods Frameworks */ = {
			isa = PBXShellScriptBuildPhase;
			buildActionMask = 2147483647;
			files = (
			);
			inputFileListPaths = (
				"${PODS_ROOT}/Target Support Files/Pods-Inspiration-InspirationUITests/Pods-Inspiration-InspirationUITests-frameworks-${CONFIGURATION}-input-files.xcfilelist",
			);
			name = "[CP] Embed Pods Frameworks";
			outputFileListPaths = (
				"${PODS_ROOT}/Target Support Files/Pods-Inspiration-InspirationUITests/Pods-Inspiration-InspirationUITests-frameworks-${CONFIGURATION}-output-files.xcfilelist",
			);
			runOnlyForDeploymentPostprocessing = 0;
			shellPath = /bin/sh;
			shellScript = "\"${PODS_ROOT}/Target Support Files/Pods-Inspiration-InspirationUITests/Pods-Inspiration-InspirationUITests-frameworks.sh\"\n";
			showEnvVarsInLog = 0;
		};
		5EC00159F96A8CD1D219ED05 /* [CP] Embed Pods Frameworks */ = {
			isa = PBXShellScriptBuildPhase;
			buildActionMask = 2147483647;
			files = (
			);
			inputFileListPaths = (
				"${PODS_ROOT}/Target Support Files/Pods-Inspiration/Pods-Inspiration-frameworks-${CONFIGURATION}-input-files.xcfilelist",
			);
			name = "[CP] Embed Pods Frameworks";
			outputFileListPaths = (
				"${PODS_ROOT}/Target Support Files/Pods-Inspiration/Pods-Inspiration-frameworks-${CONFIGURATION}-output-files.xcfilelist",
			);
			runOnlyForDeploymentPostprocessing = 0;
			shellPath = /bin/sh;
			shellScript = "\"${PODS_ROOT}/Target Support Files/Pods-Inspiration/Pods-Inspiration-frameworks.sh\"\n";
			showEnvVarsInLog = 0;
		};
		B38F8030E2BB79BDB7DC9C9D /* [CP] Check Pods Manifest.lock */ = {
			isa = PBXShellScriptBuildPhase;
			buildActionMask = 2147483647;
			files = (
			);
			inputFileListPaths = (
			);
			inputPaths = (
				"${PODS_PODFILE_DIR_PATH}/Podfile.lock",
				"${PODS_ROOT}/Manifest.lock",
			);
			name = "[CP] Check Pods Manifest.lock";
			outputFileListPaths = (
			);
			outputPaths = (
				"$(DERIVED_FILE_DIR)/Pods-Inspiration-checkManifestLockResult.txt",
			);
			runOnlyForDeploymentPostprocessing = 0;
			shellPath = /bin/sh;
			shellScript = "diff \"${PODS_PODFILE_DIR_PATH}/Podfile.lock\" \"${PODS_ROOT}/Manifest.lock\" > /dev/null\nif [ $? != 0 ] ; then\n    # print error to STDERR\n    echo \"error: The sandbox is not in sync with the Podfile.lock. Run 'pod install' or update your CocoaPods installation.\" >&2\n    exit 1\nfi\n# This output is used by Xcode 'outputs' to avoid re-running this script phase.\necho \"SUCCESS\" > \"${SCRIPT_OUTPUT_FILE_0}\"\n";
			showEnvVarsInLog = 0;
		};
		E39F765818E9B594041D7D34 /* [CP] Check Pods Manifest.lock */ = {
			isa = PBXShellScriptBuildPhase;
			buildActionMask = 2147483647;
			files = (
			);
			inputFileListPaths = (
			);
			inputPaths = (
				"${PODS_PODFILE_DIR_PATH}/Podfile.lock",
				"${PODS_ROOT}/Manifest.lock",
			);
			name = "[CP] Check Pods Manifest.lock";
			outputFileListPaths = (
			);
			outputPaths = (
				"$(DERIVED_FILE_DIR)/Pods-Inspiration-InspirationUITests-checkManifestLockResult.txt",
			);
			runOnlyForDeploymentPostprocessing = 0;
			shellPath = /bin/sh;
			shellScript = "diff \"${PODS_PODFILE_DIR_PATH}/Podfile.lock\" \"${PODS_ROOT}/Manifest.lock\" > /dev/null\nif [ $? != 0 ] ; then\n    # print error to STDERR\n    echo \"error: The sandbox is not in sync with the Podfile.lock. Run 'pod install' or update your CocoaPods installation.\" >&2\n    exit 1\nfi\n# This output is used by Xcode 'outputs' to avoid re-running this script phase.\necho \"SUCCESS\" > \"${SCRIPT_OUTPUT_FILE_0}\"\n";
			showEnvVarsInLog = 0;
		};
		F9A31EEA2CA9F22E015231D6 /* [CP] Check Pods Manifest.lock */ = {
			isa = PBXShellScriptBuildPhase;
			buildActionMask = 2147483647;
			files = (
			);
			inputFileListPaths = (
			);
			inputPaths = (
				"${PODS_PODFILE_DIR_PATH}/Podfile.lock",
				"${PODS_ROOT}/Manifest.lock",
			);
			name = "[CP] Check Pods Manifest.lock";
			outputFileListPaths = (
			);
			outputPaths = (
				"$(DERIVED_FILE_DIR)/Pods-InspirationTests-checkManifestLockResult.txt",
			);
			runOnlyForDeploymentPostprocessing = 0;
			shellPath = /bin/sh;
			shellScript = "diff \"${PODS_PODFILE_DIR_PATH}/Podfile.lock\" \"${PODS_ROOT}/Manifest.lock\" > /dev/null\nif [ $? != 0 ] ; then\n    # print error to STDERR\n    echo \"error: The sandbox is not in sync with the Podfile.lock. Run 'pod install' or update your CocoaPods installation.\" >&2\n    exit 1\nfi\n# This output is used by Xcode 'outputs' to avoid re-running this script phase.\necho \"SUCCESS\" > \"${SCRIPT_OUTPUT_FILE_0}\"\n";
			showEnvVarsInLog = 0;
		};
/* End PBXShellScriptBuildPhase section */

/* Begin PBXSourcesBuildPhase section */
		B3464F9A249DC6C1006B5CDD /* Sources */ = {
			isa = PBXSourcesBuildPhase;
			buildActionMask = 2147483647;
			files = (
				B32AA011249E78D60021000F /* SavedProfile.swift in Sources */,
				B32AA008249E62C90021000F /* Detected.swift in Sources */,
				B32AA00F249E671F0021000F /* Female.swift in Sources */,
				B3464FA2249DC6C2006B5CDD /* AppDelegate.swift in Sources */,
				B3464FA4249DC6C2006B5CDD /* SceneDelegate.swift in Sources */,
				B32AA015249E7E240021000F /* ViewRouter.swift in Sources */,
				B3464FD3249DCE9B006B5CDD /* Splash.swift in Sources */,
				B3464FA6249DC6C2006B5CDD /* ContentView.swift in Sources */,
				B3464FD9249DDD9A006B5CDD /* Home.swift in Sources */,
				B32AA017249E7E490021000F /* SessionStore.swift in Sources */,
				B3464FD5249DCEE9006B5CDD /* Register.swift in Sources */,
			);
			runOnlyForDeploymentPostprocessing = 0;
		};
		B3464FB0249DC6C8006B5CDD /* Sources */ = {
			isa = PBXSourcesBuildPhase;
			buildActionMask = 2147483647;
			files = (
				B3464FB9249DC6C8006B5CDD /* InspirationTests.swift in Sources */,
			);
			runOnlyForDeploymentPostprocessing = 0;
		};
		B3464FBB249DC6C8006B5CDD /* Sources */ = {
			isa = PBXSourcesBuildPhase;
			buildActionMask = 2147483647;
			files = (
				B3464FC4249DC6C8006B5CDD /* InspirationUITests.swift in Sources */,
			);
			runOnlyForDeploymentPostprocessing = 0;
		};
/* End PBXSourcesBuildPhase section */

/* Begin PBXTargetDependency section */
		B3464FB6249DC6C8006B5CDD /* PBXTargetDependency */ = {
			isa = PBXTargetDependency;
			target = B3464F9D249DC6C1006B5CDD /* Inspiration */;
			targetProxy = B3464FB5249DC6C8006B5CDD /* PBXContainerItemProxy */;
		};
		B3464FC1249DC6C8006B5CDD /* PBXTargetDependency */ = {
			isa = PBXTargetDependency;
			target = B3464F9D249DC6C1006B5CDD /* Inspiration */;
			targetProxy = B3464FC0249DC6C8006B5CDD /* PBXContainerItemProxy */;
		};
/* End PBXTargetDependency section */

/* Begin PBXVariantGroup section */
		B3464FAC249DC6C8006B5CDD /* LaunchScreen.storyboard */ = {
			isa = PBXVariantGroup;
			children = (
				B3464FAD249DC6C8006B5CDD /* Base */,
			);
			name = LaunchScreen.storyboard;
			sourceTree = "<group>";
		};
/* End PBXVariantGroup section */

/* Begin XCBuildConfiguration section */
		B3464FC6249DC6C8006B5CDD /* Debug */ = {
			isa = XCBuildConfiguration;
			buildSettings = {
				ALWAYS_SEARCH_USER_PATHS = NO;
				CLANG_ANALYZER_NONNULL = YES;
				CLANG_ANALYZER_NUMBER_OBJECT_CONVERSION = YES_AGGRESSIVE;
				CLANG_CXX_LANGUAGE_STANDARD = "gnu++14";
				CLANG_CXX_LIBRARY = "libc++";
				CLANG_ENABLE_MODULES = YES;
				CLANG_ENABLE_OBJC_ARC = YES;
				CLANG_ENABLE_OBJC_WEAK = YES;
				CLANG_WARN_BLOCK_CAPTURE_AUTORELEASING = YES;
				CLANG_WARN_BOOL_CONVERSION = YES;
				CLANG_WARN_COMMA = YES;
				CLANG_WARN_CONSTANT_CONVERSION = YES;
				CLANG_WARN_DEPRECATED_OBJC_IMPLEMENTATIONS = YES;
				CLANG_WARN_DIRECT_OBJC_ISA_USAGE = YES_ERROR;
				CLANG_WARN_DOCUMENTATION_COMMENTS = YES;
				CLANG_WARN_EMPTY_BODY = YES;
				CLANG_WARN_ENUM_CONVERSION = YES;
				CLANG_WARN_INFINITE_RECURSION = YES;
				CLANG_WARN_INT_CONVERSION = YES;
				CLANG_WARN_NON_LITERAL_NULL_CONVERSION = YES;
				CLANG_WARN_OBJC_IMPLICIT_RETAIN_SELF = YES;
				CLANG_WARN_OBJC_LITERAL_CONVERSION = YES;
				CLANG_WARN_OBJC_ROOT_CLASS = YES_ERROR;
				CLANG_WARN_RANGE_LOOP_ANALYSIS = YES;
				CLANG_WARN_STRICT_PROTOTYPES = YES;
				CLANG_WARN_SUSPICIOUS_MOVE = YES;
				CLANG_WARN_UNGUARDED_AVAILABILITY = YES_AGGRESSIVE;
				CLANG_WARN_UNREACHABLE_CODE = YES;
				CLANG_WARN__DUPLICATE_METHOD_MATCH = YES;
				COPY_PHASE_STRIP = NO;
				DEBUG_INFORMATION_FORMAT = dwarf;
				ENABLE_STRICT_OBJC_MSGSEND = YES;
				ENABLE_TESTABILITY = YES;
				GCC_C_LANGUAGE_STANDARD = gnu11;
				GCC_DYNAMIC_NO_PIC = NO;
				GCC_NO_COMMON_BLOCKS = YES;
				GCC_OPTIMIZATION_LEVEL = 0;
				GCC_PREPROCESSOR_DEFINITIONS = (
					"DEBUG=1",
					"$(inherited)",
				);
				GCC_WARN_64_TO_32_BIT_CONVERSION = YES;
				GCC_WARN_ABOUT_RETURN_TYPE = YES_ERROR;
				GCC_WARN_UNDECLARED_SELECTOR = YES;
				GCC_WARN_UNINITIALIZED_AUTOS = YES_AGGRESSIVE;
				GCC_WARN_UNUSED_FUNCTION = YES;
				GCC_WARN_UNUSED_VARIABLE = YES;
				IPHONEOS_DEPLOYMENT_TARGET = 13.4;
				MTL_ENABLE_DEBUG_INFO = INCLUDE_SOURCE;
				MTL_FAST_MATH = YES;
				ONLY_ACTIVE_ARCH = YES;
				SDKROOT = iphoneos;
				SWIFT_ACTIVE_COMPILATION_CONDITIONS = DEBUG;
				SWIFT_OPTIMIZATION_LEVEL = "-Onone";
			};
			name = Debug;
		};
		B3464FC7249DC6C8006B5CDD /* Release */ = {
			isa = XCBuildConfiguration;
			buildSettings = {
				ALWAYS_SEARCH_USER_PATHS = NO;
				CLANG_ANALYZER_NONNULL = YES;
				CLANG_ANALYZER_NUMBER_OBJECT_CONVERSION = YES_AGGRESSIVE;
				CLANG_CXX_LANGUAGE_STANDARD = "gnu++14";
				CLANG_CXX_LIBRARY = "libc++";
				CLANG_ENABLE_MODULES = YES;
				CLANG_ENABLE_OBJC_ARC = YES;
				CLANG_ENABLE_OBJC_WEAK = YES;
				CLANG_WARN_BLOCK_CAPTURE_AUTORELEASING = YES;
				CLANG_WARN_BOOL_CONVERSION = YES;
				CLANG_WARN_COMMA = YES;
				CLANG_WARN_CONSTANT_CONVERSION = YES;
				CLANG_WARN_DEPRECATED_OBJC_IMPLEMENTATIONS = YES;
				CLANG_WARN_DIRECT_OBJC_ISA_USAGE = YES_ERROR;
				CLANG_WARN_DOCUMENTATION_COMMENTS = YES;
				CLANG_WARN_EMPTY_BODY = YES;
				CLANG_WARN_ENUM_CONVERSION = YES;
				CLANG_WARN_INFINITE_RECURSION = YES;
				CLANG_WARN_INT_CONVERSION = YES;
				CLANG_WARN_NON_LITERAL_NULL_CONVERSION = YES;
				CLANG_WARN_OBJC_IMPLICIT_RETAIN_SELF = YES;
				CLANG_WARN_OBJC_LITERAL_CONVERSION = YES;
				CLANG_WARN_OBJC_ROOT_CLASS = YES_ERROR;
				CLANG_WARN_RANGE_LOOP_ANALYSIS = YES;
				CLANG_WARN_STRICT_PROTOTYPES = YES;
				CLANG_WARN_SUSPICIOUS_MOVE = YES;
				CLANG_WARN_UNGUARDED_AVAILABILITY = YES_AGGRESSIVE;
				CLANG_WARN_UNREACHABLE_CODE = YES;
				CLANG_WARN__DUPLICATE_METHOD_MATCH = YES;
				COPY_PHASE_STRIP = NO;
				DEBUG_INFORMATION_FORMAT = "dwarf-with-dsym";
				ENABLE_NS_ASSERTIONS = NO;
				ENABLE_STRICT_OBJC_MSGSEND = YES;
				GCC_C_LANGUAGE_STANDARD = gnu11;
				GCC_NO_COMMON_BLOCKS = YES;
				GCC_WARN_64_TO_32_BIT_CONVERSION = YES;
				GCC_WARN_ABOUT_RETURN_TYPE = YES_ERROR;
				GCC_WARN_UNDECLARED_SELECTOR = YES;
				GCC_WARN_UNINITIALIZED_AUTOS = YES_AGGRESSIVE;
				GCC_WARN_UNUSED_FUNCTION = YES;
				GCC_WARN_UNUSED_VARIABLE = YES;
				IPHONEOS_DEPLOYMENT_TARGET = 13.4;
				MTL_ENABLE_DEBUG_INFO = NO;
				MTL_FAST_MATH = YES;
				SDKROOT = iphoneos;
				SWIFT_COMPILATION_MODE = wholemodule;
				SWIFT_OPTIMIZATION_LEVEL = "-O";
				VALIDATE_PRODUCT = YES;
			};
			name = Release;
		};
		B3464FC9249DC6C8006B5CDD /* Debug */ = {
			isa = XCBuildConfiguration;
			baseConfigurationReference = 18DCD2D93B1897E00B5C21F0 /* Pods-Inspiration.debug.xcconfig */;
			buildSettings = {
				ASSETCATALOG_COMPILER_APPICON_NAME = AppIcon;
				CODE_SIGN_STYLE = Automatic;
				DEVELOPMENT_ASSET_PATHS = "\"Inspiration/Preview Content\"";
				DEVELOPMENT_TEAM = C7GC432YM8;
				ENABLE_PREVIEWS = YES;
				INFOPLIST_FILE = Inspiration/Info.plist;
				LD_RUNPATH_SEARCH_PATHS = (
					"$(inherited)",
					"@executable_path/Frameworks",
				);
				PRODUCT_BUNDLE_IDENTIFIER = co.rebeccazhu.Inspiration;
				PRODUCT_NAME = "$(TARGET_NAME)";
				SWIFT_VERSION = 5.0;
				TARGETED_DEVICE_FAMILY = "1,2";
			};
			name = Debug;
		};
		B3464FCA249DC6C8006B5CDD /* Release */ = {
			isa = XCBuildConfiguration;
			baseConfigurationReference = FB40F0F252BDD5A3D018BD12 /* Pods-Inspiration.release.xcconfig */;
			buildSettings = {
				ASSETCATALOG_COMPILER_APPICON_NAME = AppIcon;
				CODE_SIGN_STYLE = Automatic;
				DEVELOPMENT_ASSET_PATHS = "\"Inspiration/Preview Content\"";
				DEVELOPMENT_TEAM = C7GC432YM8;
				ENABLE_PREVIEWS = YES;
				INFOPLIST_FILE = Inspiration/Info.plist;
				LD_RUNPATH_SEARCH_PATHS = (
					"$(inherited)",
					"@executable_path/Frameworks",
				);
				PRODUCT_BUNDLE_IDENTIFIER = co.rebeccazhu.Inspiration;
				PRODUCT_NAME = "$(TARGET_NAME)";
				SWIFT_VERSION = 5.0;
				TARGETED_DEVICE_FAMILY = "1,2";
			};
			name = Release;
		};
		B3464FCC249DC6C8006B5CDD /* Debug */ = {
			isa = XCBuildConfiguration;
			baseConfigurationReference = 27A9A13B84E7241FDF6C006D /* Pods-InspirationTests.debug.xcconfig */;
			buildSettings = {
				ALWAYS_EMBED_SWIFT_STANDARD_LIBRARIES = YES;
				BUNDLE_LOADER = "$(TEST_HOST)";
				CODE_SIGN_STYLE = Automatic;
				DEVELOPMENT_TEAM = C7GC432YM8;
				INFOPLIST_FILE = InspirationTests/Info.plist;
				IPHONEOS_DEPLOYMENT_TARGET = 13.4;
				LD_RUNPATH_SEARCH_PATHS = (
					"$(inherited)",
					"@executable_path/Frameworks",
					"@loader_path/Frameworks",
				);
				PRODUCT_BUNDLE_IDENTIFIER = co.rebeccazhu.InspirationTests;
				PRODUCT_NAME = "$(TARGET_NAME)";
				SWIFT_VERSION = 5.0;
				TARGETED_DEVICE_FAMILY = "1,2";
				TEST_HOST = "$(BUILT_PRODUCTS_DIR)/Inspiration.app/Inspiration";
			};
			name = Debug;
		};
		B3464FCD249DC6C8006B5CDD /* Release */ = {
			isa = XCBuildConfiguration;
			baseConfigurationReference = 9A80A55889CB841AAA499E79 /* Pods-InspirationTests.release.xcconfig */;
			buildSettings = {
				ALWAYS_EMBED_SWIFT_STANDARD_LIBRARIES = YES;
				BUNDLE_LOADER = "$(TEST_HOST)";
				CODE_SIGN_STYLE = Automatic;
				DEVELOPMENT_TEAM = C7GC432YM8;
				INFOPLIST_FILE = InspirationTests/Info.plist;
				IPHONEOS_DEPLOYMENT_TARGET = 13.4;
				LD_RUNPATH_SEARCH_PATHS = (
					"$(inherited)",
					"@executable_path/Frameworks",
					"@loader_path/Frameworks",
				);
				PRODUCT_BUNDLE_IDENTIFIER = co.rebeccazhu.InspirationTests;
				PRODUCT_NAME = "$(TARGET_NAME)";
				SWIFT_VERSION = 5.0;
				TARGETED_DEVICE_FAMILY = "1,2";
				TEST_HOST = "$(BUILT_PRODUCTS_DIR)/Inspiration.app/Inspiration";
			};
			name = Release;
		};
		B3464FCF249DC6C8006B5CDD /* Debug */ = {
			isa = XCBuildConfiguration;
			baseConfigurationReference = 59ED92A3D48C527198AE02D0 /* Pods-Inspiration-InspirationUITests.debug.xcconfig */;
			buildSettings = {
				ALWAYS_EMBED_SWIFT_STANDARD_LIBRARIES = YES;
				CODE_SIGN_STYLE = Automatic;
				DEVELOPMENT_TEAM = C7GC432YM8;
				INFOPLIST_FILE = InspirationUITests/Info.plist;
				LD_RUNPATH_SEARCH_PATHS = (
					"$(inherited)",
					"@executable_path/Frameworks",
					"@loader_path/Frameworks",
				);
				PRODUCT_BUNDLE_IDENTIFIER = co.rebeccazhu.InspirationUITests;
				PRODUCT_NAME = "$(TARGET_NAME)";
				SWIFT_VERSION = 5.0;
				TARGETED_DEVICE_FAMILY = "1,2";
				TEST_TARGET_NAME = Inspiration;
			};
			name = Debug;
		};
		B3464FD0249DC6C8006B5CDD /* Release */ = {
			isa = XCBuildConfiguration;
			baseConfigurationReference = E87E81DB1942976F444ACA83 /* Pods-Inspiration-InspirationUITests.release.xcconfig */;
			buildSettings = {
				ALWAYS_EMBED_SWIFT_STANDARD_LIBRARIES = YES;
				CODE_SIGN_STYLE = Automatic;
				DEVELOPMENT_TEAM = C7GC432YM8;
				INFOPLIST_FILE = InspirationUITests/Info.plist;
				LD_RUNPATH_SEARCH_PATHS = (
					"$(inherited)",
					"@executable_path/Frameworks",
					"@loader_path/Frameworks",
				);
				PRODUCT_BUNDLE_IDENTIFIER = co.rebeccazhu.InspirationUITests;
				PRODUCT_NAME = "$(TARGET_NAME)";
				SWIFT_VERSION = 5.0;
				TARGETED_DEVICE_FAMILY = "1,2";
				TEST_TARGET_NAME = Inspiration;
			};
			name = Release;
		};
/* End XCBuildConfiguration section */

/* Begin XCConfigurationList section */
		B3464F99249DC6C1006B5CDD /* Build configuration list for PBXProject "Inspiration" */ = {
			isa = XCConfigurationList;
			buildConfigurations = (
				B3464FC6249DC6C8006B5CDD /* Debug */,
				B3464FC7249DC6C8006B5CDD /* Release */,
			);
			defaultConfigurationIsVisible = 0;
			defaultConfigurationName = Release;
		};
		B3464FC8249DC6C8006B5CDD /* Build configuration list for PBXNativeTarget "Inspiration" */ = {
			isa = XCConfigurationList;
			buildConfigurations = (
				B3464FC9249DC6C8006B5CDD /* Debug */,
				B3464FCA249DC6C8006B5CDD /* Release */,
			);
			defaultConfigurationIsVisible = 0;
			defaultConfigurationName = Release;
		};
		B3464FCB249DC6C8006B5CDD /* Build configuration list for PBXNativeTarget "InspirationTests" */ = {
			isa = XCConfigurationList;
			buildConfigurations = (
				B3464FCC249DC6C8006B5CDD /* Debug */,
				B3464FCD249DC6C8006B5CDD /* Release */,
			);
			defaultConfigurationIsVisible = 0;
			defaultConfigurationName = Release;
		};
		B3464FCE249DC6C8006B5CDD /* Build configuration list for PBXNativeTarget "InspirationUITests" */ = {
			isa = XCConfigurationList;
			buildConfigurations = (
				B3464FCF249DC6C8006B5CDD /* Debug */,
				B3464FD0249DC6C8006B5CDD /* Release */,
			);
			defaultConfigurationIsVisible = 0;
			defaultConfigurationName = Release;
		};
/* End XCConfigurationList section */
	};
	rootObject = B3464F96249DC6C1006B5CDD /* Project object */;
}
